github.com/ssh-connection-manager/crypt v1.0.2 h1:/caPrJ5X8hwVqqeVtuu2Mj6BnO4csjYnmbiOVQ1Fchc=
github.com/ssh-connection-manager/crypt v1.0.2/go.mod h1:q58XdwFONc12YHMN8LjbZK+G3cdes7fvatidwjegq1s=
github.com/ssh-connection-manager/crypt v1.1.0 h1:maXN3Uf0LNFvnmf5tH6ZPoCAwZeDdmUn18E9nyRxb6g=
github.com/ssh-connection-manager/crypt v1.1.0/go.mod h1:j8hFpWyV/Hj2YB55Bn4VpwoBSh7/JFeKCplOAKl9pgc=
github.com/ssh-connection-manager/file v1.0.1 h1:t0bWe/WlYx/00i1zoO7ABL51oyB+7r1GlU4pktdVM0c=
github.com/ssh-connection-manager/file v1.0.1/go.mod h1:v6ohozxsgX7s4ze2Vy4sesNBaJ9pcJG0aOmqgffJenA=
github.com/ssh-connection-manager/file v1.2.0 h1:bwebzUDey017kgFmj6Zk0AP9jL7IABNDIl5UcshZl78=
github.com/ssh-connection-manager/file v1.2.0/go.mod h1:v6ohozxsgX7s4ze2Vy4sesNBaJ9pcJG0aOmqgffJenA=
github.com/ssh-connection-manager/file v1.2.1 h1:vVTZWdKUnNf/TVRtflRed4oTYMBcV/N8rnuUKD3CzTc=
github.com/ssh-connection-manager/file v1.2.1/go.mod h1:v6ohozxsgX7s4ze2Vy4sesNBaJ9pcJG0aOmqgffJenA=
github.com/ssh-connection-manager/file v1.3.0 h1:69qHcCcRiE6sC8G3LGyOCWPZ1wsGTYnIhEvrmf5FwOc=
github.com/ssh-connection-manager/file v1.3.0/go.mod h1:v6ohozxsgX7s4ze2Vy4sesNBaJ9pcJG0aOmqgffJenA=
